// !$*UTF8*$!
{
	archiveVersion = 1;
	classes = {
	};
	objectVersion = 52;
	objects = {

/* Begin PBXBuildFile section */
		CF6414EA23E4C210009C7A9E /* TemplateTests.swift in Sources */ = {isa = PBXBuildFile; fileRef = CF6414E923E4C210009C7A9E /* TemplateTests.swift */; };
		CF886B992A40FE080027EEFA /* ColorAssets.swift in Sources */ = {isa = PBXBuildFile; fileRef = CF886B982A40FE080027EEFA /* ColorAssets.swift */; };
		CF93BD092A3F6E9E0060C410 /* SnapshotTesting in Frameworks */ = {isa = PBXBuildFile; productRef = CF93BD082A3F6E9E0060C410 /* SnapshotTesting */; };
		CF93BD0C2A3F71E80060C410 /* Kingfisher in Frameworks */ = {isa = PBXBuildFile; productRef = CF93BD0B2A3F71E80060C410 /* Kingfisher */; };
		CF93BD0F2A3F720A0060C410 /* Alamofire in Frameworks */ = {isa = PBXBuildFile; productRef = CF93BD0E2A3F720A0060C410 /* Alamofire */; };
		CF93BD122A3F72240060C410 /* Kingfisher in Frameworks */ = {isa = PBXBuildFile; productRef = CF93BD112A3F72240060C410 /* Kingfisher */; };
		CF93BD142A3F72240060C410 /* Alamofire in Frameworks */ = {isa = PBXBuildFile; productRef = CF93BD132A3F72240060C410 /* Alamofire */; };
		CF93BD1B2A3F72300060C410 /* GenericCell.swift in Sources */ = {isa = PBXBuildFile; fileRef = CFBED2F12A3EBD7300CAA054 /* GenericCell.swift */; };
		CF93BD1C2A3F72300060C410 /* CardVisible.swift in Sources */ = {isa = PBXBuildFile; fileRef = CFBED2E22A3EBC1A00CAA054 /* CardVisible.swift */; };
		CF93BD1D2A3F72300060C410 /* Visible.swift in Sources */ = {isa = PBXBuildFile; fileRef = CFBED2A92A3E920800CAA054 /* Visible.swift */; };
		CF93BD1E2A3F72300060C410 /* KeyAdvisor.swift in Sources */ = {isa = PBXBuildFile; fileRef = CFBED2CB2A3EACFD00CAA054 /* KeyAdvisor.swift */; };
		CF93BD1F2A3F72300060C410 /* TableViewUpdateEvent.swift in Sources */ = {isa = PBXBuildFile; fileRef = CFBED2DD2A3EBB6C00CAA054 /* TableViewUpdateEvent.swift */; };
		CF93BD202A3F72300060C410 /* Model.swift in Sources */ = {isa = PBXBuildFile; fileRef = CFBED2A52A3E91ED00CAA054 /* Model.swift */; };
		CF93BD212A3F72300060C410 /* NetworkWorker.swift in Sources */ = {isa = PBXBuildFile; fileRef = CFBED2D92A3EB90A00CAA054 /* NetworkWorker.swift */; };
		CF93BD222A3F72300060C410 /* Selectable.swift in Sources */ = {isa = PBXBuildFile; fileRef = CFBED2A72A3E91FD00CAA054 /* Selectable.swift */; };
		CF93BD232A3F72300060C410 /* ListItemModelVisible.swift in Sources */ = {isa = PBXBuildFile; fileRef = CFBED2FA2A3EC9ED00CAA054 /* ListItemModelVisible.swift */; };
		CF93BD242A3F72330060C410 /* NetworkConactable.swift in Sources */ = {isa = PBXBuildFile; fileRef = CFBED2D62A3EB7C000CAA054 /* NetworkConactable.swift */; };
		CF93BD252A3F72330060C410 /* NetworkError.swift in Sources */ = {isa = PBXBuildFile; fileRef = CFBED2DB2A3EB93B00CAA054 /* NetworkError.swift */; };
		CF93BD262A3F72370060C410 /* LayoutCardView.swift in Sources */ = {isa = PBXBuildFile; fileRef = CFBED2F62A3EC1C000CAA054 /* LayoutCardView.swift */; };
		CF93BD272A3F72370060C410 /* ResponseListItem.swift in Sources */ = {isa = PBXBuildFile; fileRef = CFBED2FC2A3ECB5F00CAA054 /* ResponseListItem.swift */; };
		CF93BD282A3F72370060C410 /* MetadataItem.swift in Sources */ = {isa = PBXBuildFile; fileRef = CFBB29842A3D30CA00DA0561 /* MetadataItem.swift */; };
		CF93BD292A3F72370060C410 /* Item.swift in Sources */ = {isa = PBXBuildFile; fileRef = CFBB29802A3D308800DA0561 /* Item.swift */; };
		CF93BD2A2A3F72370060C410 /* Metadata.swift in Sources */ = {isa = PBXBuildFile; fileRef = CFBB29822A3D30AE00DA0561 /* Metadata.swift */; };
		CF93BD2B2A3F72470060C410 /* MosaicBaseView.swift in Sources */ = {isa = PBXBuildFile; fileRef = CFBED2F42A3EBE4200CAA054 /* MosaicBaseView.swift */; };
		CF93BD2C2A3F72470060C410 /* GenericTableViewCell.swift in Sources */ = {isa = PBXBuildFile; fileRef = CFBED2EF2A3EBCF800CAA054 /* GenericTableViewCell.swift */; };
		CF93BD2D2A3F72470060C410 /* CardSelectable.swift in Sources */ = {isa = PBXBuildFile; fileRef = CFBED2F82A3EC5B700CAA054 /* CardSelectable.swift */; };
		CF93BD2E2A3F725C0060C410 /* ClassIdentifier.swift in Sources */ = {isa = PBXBuildFile; fileRef = CFBED2EC2A3EBCC700CAA054 /* ClassIdentifier.swift */; };
		CF93BD2F2A3F72630060C410 /* HtmlAttributedString.swift in Sources */ = {isa = PBXBuildFile; fileRef = CFBED2E92A3EBC9900CAA054 /* HtmlAttributedString.swift */; };
		CF93BD302A3F72650060C410 /* Constraints.swift in Sources */ = {isa = PBXBuildFile; fileRef = CFBED2E62A3EBC6B00CAA054 /* Constraints.swift */; };
		CF93BD332A3F76E90060C410 /* SecurityApi.swift in Sources */ = {isa = PBXBuildFile; fileRef = CF93BD322A3F76E90060C410 /* SecurityApi.swift */; };
		CF93BD362A3FBE370060C410 /* UrlPathBuilder.swift in Sources */ = {isa = PBXBuildFile; fileRef = CF93BD352A3FBE370060C410 /* UrlPathBuilder.swift */; };
		CF93BD382A3FBE4E0060C410 /* WorkerURLPathBuilder.swift in Sources */ = {isa = PBXBuildFile; fileRef = CF93BD372A3FBE4E0060C410 /* WorkerURLPathBuilder.swift */; };
		CF93BD3A2A3FCDD20060C410 /* KeychainAccess.swift in Sources */ = {isa = PBXBuildFile; fileRef = CF93BD392A3FCDD20060C410 /* KeychainAccess.swift */; };
		CF93BD3B2A3FCDD60060C410 /* SecurityApi.swift in Sources */ = {isa = PBXBuildFile; fileRef = CF93BD322A3F76E90060C410 /* SecurityApi.swift */; };
		CF93BD3C2A3FCDD60060C410 /* KeychainAccess.swift in Sources */ = {isa = PBXBuildFile; fileRef = CF93BD392A3FCDD20060C410 /* KeychainAccess.swift */; };
		CF93BD3E2A3FF7830060C410 /* Empty.swift in Sources */ = {isa = PBXBuildFile; fileRef = CF93BD3D2A3FF7830060C410 /* Empty.swift */; };
		CFBB297C2A3CC15F00DA0561 /* LocalizedText.swift in Sources */ = {isa = PBXBuildFile; fileRef = CFD3A6D923DA443200EB6D4D /* LocalizedText.swift */; };
		CFBB29812A3D308800DA0561 /* Item.swift in Sources */ = {isa = PBXBuildFile; fileRef = CFBB29802A3D308800DA0561 /* Item.swift */; };
		CFBB29832A3D30AE00DA0561 /* Metadata.swift in Sources */ = {isa = PBXBuildFile; fileRef = CFBB29822A3D30AE00DA0561 /* Metadata.swift */; };
		CFBB29852A3D30CA00DA0561 /* MetadataItem.swift in Sources */ = {isa = PBXBuildFile; fileRef = CFBB29842A3D30CA00DA0561 /* MetadataItem.swift */; };
		CFBED2862A3E1A2900CAA054 /* KeysAcessor.swift in Sources */ = {isa = PBXBuildFile; fileRef = CFBED2842A3E1A2900CAA054 /* KeysAcessor.swift */; };
		CFBED28D2A3E90A800CAA054 /* ListItemController.swift in Sources */ = {isa = PBXBuildFile; fileRef = CFBED28C2A3E90A800CAA054 /* ListItemController.swift */; };
		CFBED2912A3E90BC00CAA054 /* ListItemPresenter.swift in Sources */ = {isa = PBXBuildFile; fileRef = CFBED2902A3E90BC00CAA054 /* ListItemPresenter.swift */; };
		CFBED2932A3E90C800CAA054 /* ListItemInteractor.swift in Sources */ = {isa = PBXBuildFile; fileRef = CFBED2922A3E90C800CAA054 /* ListItemInteractor.swift */; };
		CFBED2952A3E90D900CAA054 /* ListItemRouter.swift in Sources */ = {isa = PBXBuildFile; fileRef = CFBED2942A3E90D900CAA054 /* ListItemRouter.swift */; };
		CFBED2972A3E90F500CAA054 /* ListItemViewModel.swift in Sources */ = {isa = PBXBuildFile; fileRef = CFBED2962A3E90F500CAA054 /* ListItemViewModel.swift */; };
		CFBED29E2A3E91B400CAA054 /* TableViewAutomaticPaginate.swift in Sources */ = {isa = PBXBuildFile; fileRef = CFBED29D2A3E91B400CAA054 /* TableViewAutomaticPaginate.swift */; };
		CFBED2A02A3E91C000CAA054 /* NavigationController.swift in Sources */ = {isa = PBXBuildFile; fileRef = CFBED29F2A3E91C000CAA054 /* NavigationController.swift */; };
		CFBED2A22A3E91CE00CAA054 /* CardListItemView.swift in Sources */ = {isa = PBXBuildFile; fileRef = CFBED2A12A3E91CE00CAA054 /* CardListItemView.swift */; };
		CFBED2A42A3E91D800CAA054 /* CardDetailItemView.swift in Sources */ = {isa = PBXBuildFile; fileRef = CFBED2A32A3E91D800CAA054 /* CardDetailItemView.swift */; };
		CFBED2A62A3E91ED00CAA054 /* Model.swift in Sources */ = {isa = PBXBuildFile; fileRef = CFBED2A52A3E91ED00CAA054 /* Model.swift */; };
		CFBED2A82A3E91FD00CAA054 /* Selectable.swift in Sources */ = {isa = PBXBuildFile; fileRef = CFBED2A72A3E91FD00CAA054 /* Selectable.swift */; };
		CFBED2AA2A3E920800CAA054 /* Visible.swift in Sources */ = {isa = PBXBuildFile; fileRef = CFBED2A92A3E920800CAA054 /* Visible.swift */; };
		CFBED2B12A3E923400CAA054 /* DetailItemInteractor.swift in Sources */ = {isa = PBXBuildFile; fileRef = CFBED2AB2A3E923300CAA054 /* DetailItemInteractor.swift */; };
		CFBED2B22A3E923400CAA054 /* DetailItemRouter.swift in Sources */ = {isa = PBXBuildFile; fileRef = CFBED2AC2A3E923300CAA054 /* DetailItemRouter.swift */; };
		CFBED2B32A3E923400CAA054 /* DetailItemPresenter.swift in Sources */ = {isa = PBXBuildFile; fileRef = CFBED2AD2A3E923300CAA054 /* DetailItemPresenter.swift */; };
		CFBED2B42A3E923400CAA054 /* DetailItemController.swift in Sources */ = {isa = PBXBuildFile; fileRef = CFBED2AE2A3E923300CAA054 /* DetailItemController.swift */; };
		CFBED2B52A3E923400CAA054 /* DetailItemView.swift in Sources */ = {isa = PBXBuildFile; fileRef = CFBED2AF2A3E923300CAA054 /* DetailItemView.swift */; };
		CFBED2B62A3E923400CAA054 /* DetailItemViewModel.swift in Sources */ = {isa = PBXBuildFile; fileRef = CFBED2B02A3E923400CAA054 /* DetailItemViewModel.swift */; };
		CFBED2B72A3E923900CAA054 /* DetailItemInteractor.swift in Sources */ = {isa = PBXBuildFile; fileRef = CFBED2AB2A3E923300CAA054 /* DetailItemInteractor.swift */; };
		CFBED2B82A3E923900CAA054 /* DetailItemPresenter.swift in Sources */ = {isa = PBXBuildFile; fileRef = CFBED2AD2A3E923300CAA054 /* DetailItemPresenter.swift */; };
		CFBED2B92A3E923900CAA054 /* DetailItemViewModel.swift in Sources */ = {isa = PBXBuildFile; fileRef = CFBED2B02A3E923400CAA054 /* DetailItemViewModel.swift */; };
		CFBED2BA2A3E923900CAA054 /* DetailItemRouter.swift in Sources */ = {isa = PBXBuildFile; fileRef = CFBED2AC2A3E923300CAA054 /* DetailItemRouter.swift */; };
		CFBED2BB2A3E923900CAA054 /* DetailItemView.swift in Sources */ = {isa = PBXBuildFile; fileRef = CFBED2AF2A3E923300CAA054 /* DetailItemView.swift */; };
		CFBED2BC2A3E923900CAA054 /* DetailItemController.swift in Sources */ = {isa = PBXBuildFile; fileRef = CFBED2AE2A3E923300CAA054 /* DetailItemController.swift */; };
		CFBED2BD2A3E923C00CAA054 /* ListItemRouter.swift in Sources */ = {isa = PBXBuildFile; fileRef = CFBED2942A3E90D900CAA054 /* ListItemRouter.swift */; };
		CFBED2BE2A3E923C00CAA054 /* ListItemViewModel.swift in Sources */ = {isa = PBXBuildFile; fileRef = CFBED2962A3E90F500CAA054 /* ListItemViewModel.swift */; };
		CFBED2BF2A3E923C00CAA054 /* ListItemInteractor.swift in Sources */ = {isa = PBXBuildFile; fileRef = CFBED2922A3E90C800CAA054 /* ListItemInteractor.swift */; };
		CFBED2C02A3E923C00CAA054 /* ListItemController.swift in Sources */ = {isa = PBXBuildFile; fileRef = CFBED28C2A3E90A800CAA054 /* ListItemController.swift */; };
		CFBED2C22A3E923C00CAA054 /* ListItemPresenter.swift in Sources */ = {isa = PBXBuildFile; fileRef = CFBED2902A3E90BC00CAA054 /* ListItemPresenter.swift */; };
		CFBED2C32A3E923F00CAA054 /* CardListItemView.swift in Sources */ = {isa = PBXBuildFile; fileRef = CFBED2A12A3E91CE00CAA054 /* CardListItemView.swift */; };
		CFBED2C42A3E923F00CAA054 /* CardDetailItemView.swift in Sources */ = {isa = PBXBuildFile; fileRef = CFBED2A32A3E91D800CAA054 /* CardDetailItemView.swift */; };
		CFBED2C52A3E924200CAA054 /* NavigationController.swift in Sources */ = {isa = PBXBuildFile; fileRef = CFBED29F2A3E91C000CAA054 /* NavigationController.swift */; };
		CFBED2C62A3E924200CAA054 /* TableViewAutomaticPaginate.swift in Sources */ = {isa = PBXBuildFile; fileRef = CFBED29D2A3E91B400CAA054 /* TableViewAutomaticPaginate.swift */; };
		CFBED2CC2A3EACFD00CAA054 /* KeyAdvisor.swift in Sources */ = {isa = PBXBuildFile; fileRef = CFBED2CB2A3EACFD00CAA054 /* KeyAdvisor.swift */; };
		CFBED2CF2A3EAFA200CAA054 /* ListItemSceneFactory.swift in Sources */ = {isa = PBXBuildFile; fileRef = CFBED2CE2A3EAFA200CAA054 /* ListItemSceneFactory.swift */; };
		CFBED2D12A3EB0AA00CAA054 /* ListItemRequestParamsModel.swift in Sources */ = {isa = PBXBuildFile; fileRef = CFBED2D02A3EB0AA00CAA054 /* ListItemRequestParamsModel.swift */; };
		CFBED2D52A3EB17800CAA054 /* SceneStarter.swift in Sources */ = {isa = PBXBuildFile; fileRef = CFBED2D42A3EB17800CAA054 /* SceneStarter.swift */; };
		CFBED2D72A3EB7C000CAA054 /* NetworkConactable.swift in Sources */ = {isa = PBXBuildFile; fileRef = CFBED2D62A3EB7C000CAA054 /* NetworkConactable.swift */; };
		CFBED2DA2A3EB90A00CAA054 /* NetworkWorker.swift in Sources */ = {isa = PBXBuildFile; fileRef = CFBED2D92A3EB90A00CAA054 /* NetworkWorker.swift */; };
		CFBED2DC2A3EB93B00CAA054 /* NetworkError.swift in Sources */ = {isa = PBXBuildFile; fileRef = CFBED2DB2A3EB93B00CAA054 /* NetworkError.swift */; };
		CFBED2DE2A3EBB6C00CAA054 /* TableViewUpdateEvent.swift in Sources */ = {isa = PBXBuildFile; fileRef = CFBED2DD2A3EBB6C00CAA054 /* TableViewUpdateEvent.swift */; };
		CFBED2E12A3EBBA100CAA054 /* CardFactory.swift in Sources */ = {isa = PBXBuildFile; fileRef = CFBED2E02A3EBBA100CAA054 /* CardFactory.swift */; };
		CFBED2E32A3EBC1A00CAA054 /* CardVisible.swift in Sources */ = {isa = PBXBuildFile; fileRef = CFBED2E22A3EBC1A00CAA054 /* CardVisible.swift */; };
		CFBED2E72A3EBC6B00CAA054 /* Constraints.swift in Sources */ = {isa = PBXBuildFile; fileRef = CFBED2E62A3EBC6B00CAA054 /* Constraints.swift */; };
		CFBED2EA2A3EBC9900CAA054 /* HtmlAttributedString.swift in Sources */ = {isa = PBXBuildFile; fileRef = CFBED2E92A3EBC9900CAA054 /* HtmlAttributedString.swift */; };
		CFBED2ED2A3EBCC700CAA054 /* ClassIdentifier.swift in Sources */ = {isa = PBXBuildFile; fileRef = CFBED2EC2A3EBCC700CAA054 /* ClassIdentifier.swift */; };
		CFBED2F02A3EBCF800CAA054 /* GenericTableViewCell.swift in Sources */ = {isa = PBXBuildFile; fileRef = CFBED2EF2A3EBCF800CAA054 /* GenericTableViewCell.swift */; };
		CFBED2F22A3EBD7300CAA054 /* GenericCell.swift in Sources */ = {isa = PBXBuildFile; fileRef = CFBED2F12A3EBD7300CAA054 /* GenericCell.swift */; };
		CFBED2F52A3EBE4200CAA054 /* MosaicBaseView.swift in Sources */ = {isa = PBXBuildFile; fileRef = CFBED2F42A3EBE4200CAA054 /* MosaicBaseView.swift */; };
		CFBED2F72A3EC1C000CAA054 /* LayoutCardView.swift in Sources */ = {isa = PBXBuildFile; fileRef = CFBED2F62A3EC1C000CAA054 /* LayoutCardView.swift */; };
		CFBED2F92A3EC5B700CAA054 /* CardSelectable.swift in Sources */ = {isa = PBXBuildFile; fileRef = CFBED2F82A3EC5B700CAA054 /* CardSelectable.swift */; };
		CFBED2FB2A3EC9ED00CAA054 /* ListItemModelVisible.swift in Sources */ = {isa = PBXBuildFile; fileRef = CFBED2FA2A3EC9ED00CAA054 /* ListItemModelVisible.swift */; };
		CFBED2FD2A3ECB5F00CAA054 /* ResponseListItem.swift in Sources */ = {isa = PBXBuildFile; fileRef = CFBED2FC2A3ECB5F00CAA054 /* ResponseListItem.swift */; };
		CFBED3022A3ED3C700CAA054 /* KeysAcessor.swift in Sources */ = {isa = PBXBuildFile; fileRef = CFBED2842A3E1A2900CAA054 /* KeysAcessor.swift */; };
		CFD3A6B723DA308A00EB6D4D /* AppDelegate.swift in Sources */ = {isa = PBXBuildFile; fileRef = CFD3A6AC23DA308900EB6D4D /* AppDelegate.swift */; };
		CFD3A6BB23DA308A00EB6D4D /* Assets.xcassets in Resources */ = {isa = PBXBuildFile; fileRef = CFD3A6B423DA308A00EB6D4D /* Assets.xcassets */; };
		CFD3A6D723DA41FE00EB6D4D /* Localizable-pt-BR.strings in Resources */ = {isa = PBXBuildFile; fileRef = CFD3A6CF23DA3F9700EB6D4D /* Localizable-pt-BR.strings */; };
		CFD3A6DA23DA443200EB6D4D /* LocalizedText.swift in Sources */ = {isa = PBXBuildFile; fileRef = CFD3A6D923DA443200EB6D4D /* LocalizedText.swift */; };
		CFD3A6DC23DA462000EB6D4D /* Launch Screen.storyboard in Resources */ = {isa = PBXBuildFile; fileRef = CFD3A6DB23DA462000EB6D4D /* Launch Screen.storyboard */; };
/* End PBXBuildFile section */

/* Begin PBXContainerItemProxy section */
		CF6414E423E4C1CF009C7A9E /* PBXContainerItemProxy */ = {
			isa = PBXContainerItemProxy;
			containerPortal = CF9601A623DA2A1E00916EF1 /* Project object */;
			proxyType = 1;
			remoteGlobalIDString = CF9601AD23DA2A1E00916EF1;
			remoteInfo = BaseProjectTarget;
		};
/* End PBXContainerItemProxy section */

/* Begin PBXFileReference section */
		CF24569923E4C55B00A1968D /* BaseProjectTarget-Info.plist */ = {isa = PBXFileReference; fileEncoding = 4; lastKnownFileType = text.plist.xml; path = "BaseProjectTarget-Info.plist"; sourceTree = "<group>"; };
		CF2EC3DD2A3CC072003E06EC /* TestPlan.xctestplan */ = {isa = PBXFileReference; lastKnownFileType = text; path = TestPlan.xctestplan; sourceTree = "<group>"; };
		CF6414DF23E4C1CF009C7A9E /* HeartOfStoneViewerTests.xctest */ = {isa = PBXFileReference; explicitFileType = wrapper.cfbundle; includeInIndex = 0; path = HeartOfStoneViewerTests.xctest; sourceTree = BUILT_PRODUCTS_DIR; };
		CF6414E923E4C210009C7A9E /* TemplateTests.swift */ = {isa = PBXFileReference; lastKnownFileType = sourcecode.swift; path = TemplateTests.swift; sourceTree = "<group>"; };
		CF886B982A40FE080027EEFA /* ColorAssets.swift */ = {isa = PBXFileReference; lastKnownFileType = sourcecode.swift; path = ColorAssets.swift; sourceTree = "<group>"; };
		CF93BD322A3F76E90060C410 /* SecurityApi.swift */ = {isa = PBXFileReference; lastKnownFileType = sourcecode.swift; path = SecurityApi.swift; sourceTree = "<group>"; };
		CF93BD352A3FBE370060C410 /* UrlPathBuilder.swift */ = {isa = PBXFileReference; lastKnownFileType = sourcecode.swift; path = UrlPathBuilder.swift; sourceTree = "<group>"; };
		CF93BD372A3FBE4E0060C410 /* WorkerURLPathBuilder.swift */ = {isa = PBXFileReference; lastKnownFileType = sourcecode.swift; path = WorkerURLPathBuilder.swift; sourceTree = "<group>"; };
		CF93BD392A3FCDD20060C410 /* KeychainAccess.swift */ = {isa = PBXFileReference; lastKnownFileType = sourcecode.swift; path = KeychainAccess.swift; sourceTree = "<group>"; };
		CF93BD3D2A3FF7830060C410 /* Empty.swift */ = {isa = PBXFileReference; lastKnownFileType = sourcecode.swift; path = Empty.swift; sourceTree = "<group>"; };
		CF9601AE23DA2A1E00916EF1 /* HeartOfStoneViewerTarget.app */ = {isa = PBXFileReference; explicitFileType = wrapper.application; includeInIndex = 0; path = HeartOfStoneViewerTarget.app; sourceTree = BUILT_PRODUCTS_DIR; };
		CFBB29802A3D308800DA0561 /* Item.swift */ = {isa = PBXFileReference; lastKnownFileType = sourcecode.swift; path = Item.swift; sourceTree = "<group>"; };
		CFBB29822A3D30AE00DA0561 /* Metadata.swift */ = {isa = PBXFileReference; lastKnownFileType = sourcecode.swift; path = Metadata.swift; sourceTree = "<group>"; };
		CFBB29842A3D30CA00DA0561 /* MetadataItem.swift */ = {isa = PBXFileReference; lastKnownFileType = sourcecode.swift; path = MetadataItem.swift; sourceTree = "<group>"; };
		CFBED2842A3E1A2900CAA054 /* KeysAcessor.swift */ = {isa = PBXFileReference; fileEncoding = 4; lastKnownFileType = sourcecode.swift; path = KeysAcessor.swift; sourceTree = "<group>"; };
		CFBED28C2A3E90A800CAA054 /* ListItemController.swift */ = {isa = PBXFileReference; lastKnownFileType = sourcecode.swift; path = ListItemController.swift; sourceTree = "<group>"; };
		CFBED2902A3E90BC00CAA054 /* ListItemPresenter.swift */ = {isa = PBXFileReference; lastKnownFileType = sourcecode.swift; path = ListItemPresenter.swift; sourceTree = "<group>"; };
		CFBED2922A3E90C800CAA054 /* ListItemInteractor.swift */ = {isa = PBXFileReference; lastKnownFileType = sourcecode.swift; path = ListItemInteractor.swift; sourceTree = "<group>"; };
		CFBED2942A3E90D900CAA054 /* ListItemRouter.swift */ = {isa = PBXFileReference; lastKnownFileType = sourcecode.swift; path = ListItemRouter.swift; sourceTree = "<group>"; };
		CFBED2962A3E90F500CAA054 /* ListItemViewModel.swift */ = {isa = PBXFileReference; lastKnownFileType = sourcecode.swift; path = ListItemViewModel.swift; sourceTree = "<group>"; };
		CFBED29D2A3E91B400CAA054 /* TableViewAutomaticPaginate.swift */ = {isa = PBXFileReference; lastKnownFileType = sourcecode.swift; path = TableViewAutomaticPaginate.swift; sourceTree = "<group>"; };
		CFBED29F2A3E91C000CAA054 /* NavigationController.swift */ = {isa = PBXFileReference; lastKnownFileType = sourcecode.swift; path = NavigationController.swift; sourceTree = "<group>"; };
		CFBED2A12A3E91CE00CAA054 /* CardListItemView.swift */ = {isa = PBXFileReference; lastKnownFileType = sourcecode.swift; path = CardListItemView.swift; sourceTree = "<group>"; };
		CFBED2A32A3E91D800CAA054 /* CardDetailItemView.swift */ = {isa = PBXFileReference; lastKnownFileType = sourcecode.swift; path = CardDetailItemView.swift; sourceTree = "<group>"; };
		CFBED2A52A3E91ED00CAA054 /* Model.swift */ = {isa = PBXFileReference; lastKnownFileType = sourcecode.swift; path = Model.swift; sourceTree = "<group>"; };
		CFBED2A72A3E91FD00CAA054 /* Selectable.swift */ = {isa = PBXFileReference; lastKnownFileType = sourcecode.swift; path = Selectable.swift; sourceTree = "<group>"; };
		CFBED2A92A3E920800CAA054 /* Visible.swift */ = {isa = PBXFileReference; lastKnownFileType = sourcecode.swift; path = Visible.swift; sourceTree = "<group>"; };
		CFBED2AB2A3E923300CAA054 /* DetailItemInteractor.swift */ = {isa = PBXFileReference; fileEncoding = 4; lastKnownFileType = sourcecode.swift; path = DetailItemInteractor.swift; sourceTree = "<group>"; };
		CFBED2AC2A3E923300CAA054 /* DetailItemRouter.swift */ = {isa = PBXFileReference; fileEncoding = 4; lastKnownFileType = sourcecode.swift; path = DetailItemRouter.swift; sourceTree = "<group>"; };
		CFBED2AD2A3E923300CAA054 /* DetailItemPresenter.swift */ = {isa = PBXFileReference; fileEncoding = 4; lastKnownFileType = sourcecode.swift; path = DetailItemPresenter.swift; sourceTree = "<group>"; };
		CFBED2AE2A3E923300CAA054 /* DetailItemController.swift */ = {isa = PBXFileReference; fileEncoding = 4; lastKnownFileType = sourcecode.swift; path = DetailItemController.swift; sourceTree = "<group>"; };
		CFBED2AF2A3E923300CAA054 /* DetailItemView.swift */ = {isa = PBXFileReference; fileEncoding = 4; lastKnownFileType = sourcecode.swift; path = DetailItemView.swift; sourceTree = "<group>"; };
		CFBED2B02A3E923400CAA054 /* DetailItemViewModel.swift */ = {isa = PBXFileReference; fileEncoding = 4; lastKnownFileType = sourcecode.swift; path = DetailItemViewModel.swift; sourceTree = "<group>"; };
		CFBED2CB2A3EACFD00CAA054 /* KeyAdvisor.swift */ = {isa = PBXFileReference; lastKnownFileType = sourcecode.swift; path = KeyAdvisor.swift; sourceTree = "<group>"; };
		CFBED2CE2A3EAFA200CAA054 /* ListItemSceneFactory.swift */ = {isa = PBXFileReference; lastKnownFileType = sourcecode.swift; path = ListItemSceneFactory.swift; sourceTree = "<group>"; };
		CFBED2D02A3EB0AA00CAA054 /* ListItemRequestParamsModel.swift */ = {isa = PBXFileReference; lastKnownFileType = sourcecode.swift; path = ListItemRequestParamsModel.swift; sourceTree = "<group>"; };
		CFBED2D42A3EB17800CAA054 /* SceneStarter.swift */ = {isa = PBXFileReference; lastKnownFileType = sourcecode.swift; path = SceneStarter.swift; sourceTree = "<group>"; };
		CFBED2D62A3EB7C000CAA054 /* NetworkConactable.swift */ = {isa = PBXFileReference; lastKnownFileType = sourcecode.swift; path = NetworkConactable.swift; sourceTree = "<group>"; };
		CFBED2D92A3EB90A00CAA054 /* NetworkWorker.swift */ = {isa = PBXFileReference; lastKnownFileType = sourcecode.swift; path = NetworkWorker.swift; sourceTree = "<group>"; };
		CFBED2DB2A3EB93B00CAA054 /* NetworkError.swift */ = {isa = PBXFileReference; lastKnownFileType = sourcecode.swift; path = NetworkError.swift; sourceTree = "<group>"; };
		CFBED2DD2A3EBB6C00CAA054 /* TableViewUpdateEvent.swift */ = {isa = PBXFileReference; lastKnownFileType = sourcecode.swift; path = TableViewUpdateEvent.swift; sourceTree = "<group>"; };
		CFBED2E02A3EBBA100CAA054 /* CardFactory.swift */ = {isa = PBXFileReference; lastKnownFileType = sourcecode.swift; path = CardFactory.swift; sourceTree = "<group>"; };
		CFBED2E22A3EBC1A00CAA054 /* CardVisible.swift */ = {isa = PBXFileReference; lastKnownFileType = sourcecode.swift; path = CardVisible.swift; sourceTree = "<group>"; };
		CFBED2E62A3EBC6B00CAA054 /* Constraints.swift */ = {isa = PBXFileReference; lastKnownFileType = sourcecode.swift; path = Constraints.swift; sourceTree = "<group>"; };
		CFBED2E92A3EBC9900CAA054 /* HtmlAttributedString.swift */ = {isa = PBXFileReference; lastKnownFileType = sourcecode.swift; path = HtmlAttributedString.swift; sourceTree = "<group>"; };
		CFBED2EC2A3EBCC700CAA054 /* ClassIdentifier.swift */ = {isa = PBXFileReference; lastKnownFileType = sourcecode.swift; path = ClassIdentifier.swift; sourceTree = "<group>"; };
		CFBED2EF2A3EBCF800CAA054 /* GenericTableViewCell.swift */ = {isa = PBXFileReference; lastKnownFileType = sourcecode.swift; path = GenericTableViewCell.swift; sourceTree = "<group>"; };
		CFBED2F12A3EBD7300CAA054 /* GenericCell.swift */ = {isa = PBXFileReference; lastKnownFileType = sourcecode.swift; path = GenericCell.swift; sourceTree = "<group>"; };
		CFBED2F42A3EBE4200CAA054 /* MosaicBaseView.swift */ = {isa = PBXFileReference; lastKnownFileType = sourcecode.swift; path = MosaicBaseView.swift; sourceTree = "<group>"; };
		CFBED2F62A3EC1C000CAA054 /* LayoutCardView.swift */ = {isa = PBXFileReference; lastKnownFileType = sourcecode.swift; path = LayoutCardView.swift; sourceTree = "<group>"; };
		CFBED2F82A3EC5B700CAA054 /* CardSelectable.swift */ = {isa = PBXFileReference; lastKnownFileType = sourcecode.swift; path = CardSelectable.swift; sourceTree = "<group>"; };
		CFBED2FA2A3EC9ED00CAA054 /* ListItemModelVisible.swift */ = {isa = PBXFileReference; lastKnownFileType = sourcecode.swift; path = ListItemModelVisible.swift; sourceTree = "<group>"; };
		CFBED2FC2A3ECB5F00CAA054 /* ResponseListItem.swift */ = {isa = PBXFileReference; lastKnownFileType = sourcecode.swift; path = ResponseListItem.swift; sourceTree = "<group>"; };
		CFD3A6AC23DA308900EB6D4D /* AppDelegate.swift */ = {isa = PBXFileReference; fileEncoding = 4; lastKnownFileType = sourcecode.swift; path = AppDelegate.swift; sourceTree = "<group>"; };
		CFD3A6B223DA308A00EB6D4D /* Info.plist */ = {isa = PBXFileReference; fileEncoding = 4; lastKnownFileType = text.plist.xml; path = Info.plist; sourceTree = "<group>"; };
		CFD3A6B423DA308A00EB6D4D /* Assets.xcassets */ = {isa = PBXFileReference; lastKnownFileType = folder.assetcatalog; path = Assets.xcassets; sourceTree = "<group>"; };
		CFD3A6CE23DA3F9700EB6D4D /* pt-BR */ = {isa = PBXFileReference; lastKnownFileType = text.plist.strings; name = "pt-BR"; path = "pt-BR.lproj/Localizable-pt-BR.strings"; sourceTree = "<group>"; };
		CFD3A6D923DA443200EB6D4D /* LocalizedText.swift */ = {isa = PBXFileReference; lastKnownFileType = sourcecode.swift; path = LocalizedText.swift; sourceTree = "<group>"; };
		CFD3A6DB23DA462000EB6D4D /* Launch Screen.storyboard */ = {isa = PBXFileReference; lastKnownFileType = file.storyboard; path = "Launch Screen.storyboard"; sourceTree = "<group>"; };
/* End PBXFileReference section */

/* Begin PBXFrameworksBuildPhase section */
		CF6414DC23E4C1CF009C7A9E /* Frameworks */ = {
			isa = PBXFrameworksBuildPhase;
			buildActionMask = 2147483647;
			files = (
				CF93BD142A3F72240060C410 /* Alamofire in Frameworks */,
				CF93BD122A3F72240060C410 /* Kingfisher in Frameworks */,
				CF93BD092A3F6E9E0060C410 /* SnapshotTesting in Frameworks */,
			);
			runOnlyForDeploymentPostprocessing = 0;
		};
		CF9601AB23DA2A1E00916EF1 /* Frameworks */ = {
			isa = PBXFrameworksBuildPhase;
			buildActionMask = 2147483647;
			files = (
				CF93BD0C2A3F71E80060C410 /* Kingfisher in Frameworks */,
				CF93BD0F2A3F720A0060C410 /* Alamofire in Frameworks */,
			);
			runOnlyForDeploymentPostprocessing = 0;
		};
/* End PBXFrameworksBuildPhase section */

/* Begin PBXGroup section */
		CF886B972A40FDFD0027EEFA /* Colors */ = {
			isa = PBXGroup;
			children = (
				CF886B982A40FE080027EEFA /* ColorAssets.swift */,
			);
			path = Colors;
			sourceTree = "<group>";
		};
		CF93BD102A3F72240060C410 /* Frameworks */ = {
			isa = PBXGroup;
			children = (
			);
			name = Frameworks;
			sourceTree = "<group>";
		};
		CF93BD312A3F76D70060C410 /* Security */ = {
			isa = PBXGroup;
			children = (
				CF93BD322A3F76E90060C410 /* SecurityApi.swift */,
				CF93BD392A3FCDD20060C410 /* KeychainAccess.swift */,
			);
			path = Security;
			sourceTree = "<group>";
		};
		CF93BD342A3FBE0C0060C410 /* URLPathBuilder */ = {
			isa = PBXGroup;
			children = (
				CF93BD352A3FBE370060C410 /* UrlPathBuilder.swift */,
			);
			path = URLPathBuilder;
			sourceTree = "<group>";
		};
		CF9601A523DA2A1E00916EF1 = {
			isa = PBXGroup;
			children = (
				CF2EC3DD2A3CC072003E06EC /* TestPlan.xctestplan */,
				CFD3A6A323DA302E00EB6D4D /* source */,
				CF9601AF23DA2A1E00916EF1 /* Products */,
				CF93BD102A3F72240060C410 /* Frameworks */,
			);
			sourceTree = "<group>";
		};
		CF9601AF23DA2A1E00916EF1 /* Products */ = {
			isa = PBXGroup;
			children = (
				CF9601AE23DA2A1E00916EF1 /* HeartOfStoneViewerTarget.app */,
				CF6414DF23E4C1CF009C7A9E /* HeartOfStoneViewerTests.xctest */,
			);
			name = Products;
			sourceTree = "<group>";
		};
		CFBB297F2A3D306900DA0561 /* Models */ = {
			isa = PBXGroup;
			children = (
				CFBB29802A3D308800DA0561 /* Item.swift */,
				CFBB29822A3D30AE00DA0561 /* Metadata.swift */,
				CFBB29842A3D30CA00DA0561 /* MetadataItem.swift */,
				CFBED2F62A3EC1C000CAA054 /* LayoutCardView.swift */,
				CFBED2FC2A3ECB5F00CAA054 /* ResponseListItem.swift */,
			);
			path = Models;
			sourceTree = "<group>";
		};
		CFBB29862A3D310B00DA0561 /* Interfaces */ = {
			isa = PBXGroup;
			children = (
				CFBED2E22A3EBC1A00CAA054 /* CardVisible.swift */,
				CFBED2F12A3EBD7300CAA054 /* GenericCell.swift */,
				CFBED2CB2A3EACFD00CAA054 /* KeyAdvisor.swift */,
				CFBED2FA2A3EC9ED00CAA054 /* ListItemModelVisible.swift */,
				CFBED2A52A3E91ED00CAA054 /* Model.swift */,
				CFBED2D92A3EB90A00CAA054 /* NetworkWorker.swift */,
				CFBED2A72A3E91FD00CAA054 /* Selectable.swift */,
				CFBED2DD2A3EBB6C00CAA054 /* TableViewUpdateEvent.swift */,
				CFBED2A92A3E920800CAA054 /* Visible.swift */,
				CF93BD372A3FBE4E0060C410 /* WorkerURLPathBuilder.swift */,
			);
			path = Interfaces;
			sourceTree = "<group>";
		};
		CFBED2832A3E1A2900CAA054 /* secret */ = {
			isa = PBXGroup;
			children = (
				CFBED2842A3E1A2900CAA054 /* KeysAcessor.swift */,
			);
			path = secret;
			sourceTree = "<group>";
		};
		CFBED2882A3E8E0A00CAA054 /* Shared */ = {
			isa = PBXGroup;
			children = (
				CF886B972A40FDFD0027EEFA /* Colors */,
				CFBED2E42A3EBC4100CAA054 /* Extensions */,
				CFBED2DF2A3EBB9000CAA054 /* Factorys */,
				CFBED2CA2A3E926800CAA054 /* Workers */,
				CFBED2992A3E911000CAA054 /* Components */,
				CFBB29862A3D310B00DA0561 /* Interfaces */,
				CFBB297F2A3D306900DA0561 /* Models */,
			);
			path = Shared;
			sourceTree = "<group>";
		};
		CFBED2892A3E8E1400CAA054 /* Scenes */ = {
			isa = PBXGroup;
			children = (
				CFBED28B2A3E906000CAA054 /* DetailItemScene */,
				CFBED28A2A3E905300CAA054 /* ListItemScene */,
			);
			path = Scenes;
			sourceTree = "<group>";
		};
		CFBED28A2A3E905300CAA054 /* ListItemScene */ = {
			isa = PBXGroup;
			children = (
				CFBED28C2A3E90A800CAA054 /* ListItemController.swift */,
				CFBED2922A3E90C800CAA054 /* ListItemInteractor.swift */,
				CFBED2902A3E90BC00CAA054 /* ListItemPresenter.swift */,
				CFBED2D02A3EB0AA00CAA054 /* ListItemRequestParamsModel.swift */,
				CFBED2942A3E90D900CAA054 /* ListItemRouter.swift */,
				CFBED2CE2A3EAFA200CAA054 /* ListItemSceneFactory.swift */,
				CFBED2962A3E90F500CAA054 /* ListItemViewModel.swift */,
			);
			path = ListItemScene;
			sourceTree = "<group>";
		};
		CFBED28B2A3E906000CAA054 /* DetailItemScene */ = {
			isa = PBXGroup;
			children = (
				CFBED2AE2A3E923300CAA054 /* DetailItemController.swift */,
				CFBED2AB2A3E923300CAA054 /* DetailItemInteractor.swift */,
				CFBED2AD2A3E923300CAA054 /* DetailItemPresenter.swift */,
				CFBED2AC2A3E923300CAA054 /* DetailItemRouter.swift */,
				CFBED2AF2A3E923300CAA054 /* DetailItemView.swift */,
				CFBED2B02A3E923400CAA054 /* DetailItemViewModel.swift */,
			);
			path = DetailItemScene;
			sourceTree = "<group>";
		};
		CFBED2992A3E911000CAA054 /* Components */ = {
			isa = PBXGroup;
			children = (
				CFBED2F32A3EBE3100CAA054 /* MosaicBaseView */,
				CFBED2EE2A3EBCEA00CAA054 /* GenericTableViewCell */,
				CFBED29C2A3E912E00CAA054 /* CardViews */,
				CFBED29B2A3E912700CAA054 /* TableView */,
				CFBED29A2A3E911D00CAA054 /* NavigationController */,
			);
			path = Components;
			sourceTree = "<group>";
		};
		CFBED29A2A3E911D00CAA054 /* NavigationController */ = {
			isa = PBXGroup;
			children = (
				CFBED29F2A3E91C000CAA054 /* NavigationController.swift */,
			);
			path = NavigationController;
			sourceTree = "<group>";
		};
		CFBED29B2A3E912700CAA054 /* TableView */ = {
			isa = PBXGroup;
			children = (
				CFBED29D2A3E91B400CAA054 /* TableViewAutomaticPaginate.swift */,
			);
			path = TableView;
			sourceTree = "<group>";
		};
		CFBED29C2A3E912E00CAA054 /* CardViews */ = {
			isa = PBXGroup;
			children = (
				CFBED2F82A3EC5B700CAA054 /* CardSelectable.swift */,
				CFBED2A12A3E91CE00CAA054 /* CardListItemView.swift */,
				CFBED2A32A3E91D800CAA054 /* CardDetailItemView.swift */,
			);
			path = CardViews;
			sourceTree = "<group>";
		};
		CFBED2CA2A3E926800CAA054 /* Workers */ = {
			isa = PBXGroup;
			children = (
				CF93BD342A3FBE0C0060C410 /* URLPathBuilder */,
				CF93BD312A3F76D70060C410 /* Security */,
				CFBED2D82A3EB8F400CAA054 /* Network */,
			);
			path = Workers;
			sourceTree = "<group>";
		};
		CFBED2D82A3EB8F400CAA054 /* Network */ = {
			isa = PBXGroup;
			children = (
				CFBED2D62A3EB7C000CAA054 /* NetworkConactable.swift */,
				CFBED2DB2A3EB93B00CAA054 /* NetworkError.swift */,
			);
			path = Network;
			sourceTree = "<group>";
		};
		CFBED2DF2A3EBB9000CAA054 /* Factorys */ = {
			isa = PBXGroup;
			children = (
				CFBED2E02A3EBBA100CAA054 /* CardFactory.swift */,
			);
			path = Factorys;
			sourceTree = "<group>";
		};
		CFBED2E42A3EBC4100CAA054 /* Extensions */ = {
			isa = PBXGroup;
			children = (
				CFBED2EB2A3EBCB700CAA054 /* NSObject */,
				CFBED2E82A3EBC8600CAA054 /* String */,
				CFBED2E52A3EBC4800CAA054 /* UIView */,
			);
			path = Extensions;
			sourceTree = "<group>";
		};
		CFBED2E52A3EBC4800CAA054 /* UIView */ = {
			isa = PBXGroup;
			children = (
				CFBED2E62A3EBC6B00CAA054 /* Constraints.swift */,
			);
			path = UIView;
			sourceTree = "<group>";
		};
		CFBED2E82A3EBC8600CAA054 /* String */ = {
			isa = PBXGroup;
			children = (
				CFBED2E92A3EBC9900CAA054 /* HtmlAttributedString.swift */,
				CF93BD3D2A3FF7830060C410 /* Empty.swift */,
			);
			path = String;
			sourceTree = "<group>";
		};
		CFBED2EB2A3EBCB700CAA054 /* NSObject */ = {
			isa = PBXGroup;
			children = (
				CFBED2EC2A3EBCC700CAA054 /* ClassIdentifier.swift */,
			);
			path = NSObject;
			sourceTree = "<group>";
		};
		CFBED2EE2A3EBCEA00CAA054 /* GenericTableViewCell */ = {
			isa = PBXGroup;
			children = (
				CFBED2EF2A3EBCF800CAA054 /* GenericTableViewCell.swift */,
			);
			path = GenericTableViewCell;
			sourceTree = "<group>";
		};
		CFBED2F32A3EBE3100CAA054 /* MosaicBaseView */ = {
			isa = PBXGroup;
			children = (
				CFBED2F42A3EBE4200CAA054 /* MosaicBaseView.swift */,
			);
			path = MosaicBaseView;
			sourceTree = "<group>";
		};
		CFD3A6A323DA302E00EB6D4D /* source */ = {
			isa = PBXGroup;
			children = (
				CFD3A6A423DA304200EB6D4D /* app */,
				CFD3A6BD23DA30EF00EB6D4D /* test */,
			);
			path = source;
			sourceTree = "<group>";
		};
		CFD3A6A423DA304200EB6D4D /* app */ = {
			isa = PBXGroup;
			children = (
				CFBED2892A3E8E1400CAA054 /* Scenes */,
				CFBED2882A3E8E0A00CAA054 /* Shared */,
				CFD3A6AB23DA308900EB6D4D /* Appdelegates */,
				CFD3A6B023DA308A00EB6D4D /* supportfiles */,
			);
			path = app;
			sourceTree = "<group>";
		};
		CFD3A6AB23DA308900EB6D4D /* Appdelegates */ = {
			isa = PBXGroup;
			children = (
				CFD3A6AC23DA308900EB6D4D /* AppDelegate.swift */,
				CFBED2D42A3EB17800CAA054 /* SceneStarter.swift */,
			);
			path = Appdelegates;
			sourceTree = "<group>";
		};
		CFD3A6B023DA308A00EB6D4D /* supportfiles */ = {
			isa = PBXGroup;
			children = (
				CFBED2832A3E1A2900CAA054 /* secret */,
				CFD3A6C523DA3F1F00EB6D4D /* LocalizableStrings */,
				CFD3A6B123DA308A00EB6D4D /* plists */,
				CFD3A6B323DA308A00EB6D4D /* assets */,
			);
			path = supportfiles;
			sourceTree = "<group>";
		};
		CFD3A6B123DA308A00EB6D4D /* plists */ = {
			isa = PBXGroup;
			children = (
				CFD3A6B223DA308A00EB6D4D /* Info.plist */,
			);
			path = plists;
			sourceTree = "<group>";
		};
		CFD3A6B323DA308A00EB6D4D /* assets */ = {
			isa = PBXGroup;
			children = (
				CFD3A6B423DA308A00EB6D4D /* Assets.xcassets */,
				CFD3A6DB23DA462000EB6D4D /* Launch Screen.storyboard */,
			);
			path = assets;
			sourceTree = "<group>";
		};
		CFD3A6BD23DA30EF00EB6D4D /* test */ = {
			isa = PBXGroup;
			children = (
				CF6414E923E4C210009C7A9E /* TemplateTests.swift */,
				CF24569923E4C55B00A1968D /* BaseProjectTarget-Info.plist */,
			);
			path = test;
			sourceTree = "<group>";
		};
		CFD3A6C523DA3F1F00EB6D4D /* LocalizableStrings */ = {
			isa = PBXGroup;
			children = (
				CFD3A6CF23DA3F9700EB6D4D /* Localizable-pt-BR.strings */,
				CFD3A6D923DA443200EB6D4D /* LocalizedText.swift */,
			);
			path = LocalizableStrings;
			sourceTree = "<group>";
		};
/* End PBXGroup section */

/* Begin PBXNativeTarget section */
		CF6414DE23E4C1CF009C7A9E /* HeartOfStoneViewerTests */ = {
			isa = PBXNativeTarget;
			buildConfigurationList = CF6414E623E4C1CF009C7A9E /* Build configuration list for PBXNativeTarget "HeartOfStoneViewerTests" */;
			buildPhases = (
				CF6414DB23E4C1CF009C7A9E /* Sources */,
				CF6414DC23E4C1CF009C7A9E /* Frameworks */,
				CF6414DD23E4C1CF009C7A9E /* Resources */,
			);
			buildRules = (
			);
			dependencies = (
				CF6414E523E4C1CF009C7A9E /* PBXTargetDependency */,
			);
			name = HeartOfStoneViewerTests;
			packageProductDependencies = (
				CF93BD082A3F6E9E0060C410 /* SnapshotTesting */,
				CF93BD112A3F72240060C410 /* Kingfisher */,
				CF93BD132A3F72240060C410 /* Alamofire */,
			);
			productName = BaseProjectTargetTests;
			productReference = CF6414DF23E4C1CF009C7A9E /* HeartOfStoneViewerTests.xctest */;
			productType = "com.apple.product-type.bundle.unit-test";
		};
		CF9601AD23DA2A1E00916EF1 /* HeartOfStoneViewerTarget */ = {
			isa = PBXNativeTarget;
			buildConfigurationList = CF9601C223DA2A2200916EF1 /* Build configuration list for PBXNativeTarget "HeartOfStoneViewerTarget" */;
			buildPhases = (
				CF9601AA23DA2A1E00916EF1 /* Sources */,
				CF9601AB23DA2A1E00916EF1 /* Frameworks */,
				CF9601AC23DA2A1E00916EF1 /* Resources */,
				CFD3A6BF23DA3DC600EB6D4D /* Swiftlint */,
			);
			buildRules = (
			);
			dependencies = (
			);
			name = HeartOfStoneViewerTarget;
			packageProductDependencies = (
				CF93BD0B2A3F71E80060C410 /* Kingfisher */,
				CF93BD0E2A3F720A0060C410 /* Alamofire */,
			);
			productName = hearthstonecardviewer;
			productReference = CF9601AE23DA2A1E00916EF1 /* HeartOfStoneViewerTarget.app */;
			productType = "com.apple.product-type.application";
		};
/* End PBXNativeTarget section */

/* Begin PBXProject section */
		CF9601A623DA2A1E00916EF1 /* Project object */ = {
			isa = PBXProject;
			attributes = {
				LastSwiftUpdateCheck = 1130;
				LastUpgradeCheck = 1130;
				ORGANIZATIONNAME = developerios;
				TargetAttributes = {
					CF6414DE23E4C1CF009C7A9E = {
						CreatedOnToolsVersion = 11.3.1;
					};
					CF9601AD23DA2A1E00916EF1 = {
						CreatedOnToolsVersion = 11.3.1;
					};
				};
			};
			buildConfigurationList = CF9601A923DA2A1E00916EF1 /* Build configuration list for PBXProject "hearthstonecardviewer" */;
			compatibilityVersion = "Xcode 9.3";
			developmentRegion = en;
			hasScannedForEncodings = 0;
			knownRegions = (
				en,
				Base,
				"pt-BR",
			);
			mainGroup = CF9601A523DA2A1E00916EF1;
			packageReferences = (
				CF93BD072A3F6E9E0060C410 /* XCRemoteSwiftPackageReference "swift-snapshot-testing" */,
				CF93BD0A2A3F71E80060C410 /* XCRemoteSwiftPackageReference "Kingfisher" */,
				CF93BD0D2A3F720A0060C410 /* XCRemoteSwiftPackageReference "Alamofire" */,
			);
			productRefGroup = CF9601AF23DA2A1E00916EF1 /* Products */;
			projectDirPath = "";
			projectRoot = "";
			targets = (
				CF9601AD23DA2A1E00916EF1 /* HeartOfStoneViewerTarget */,
				CF6414DE23E4C1CF009C7A9E /* HeartOfStoneViewerTests */,
			);
		};
/* End PBXProject section */

/* Begin PBXResourcesBuildPhase section */
		CF6414DD23E4C1CF009C7A9E /* Resources */ = {
			isa = PBXResourcesBuildPhase;
			buildActionMask = 2147483647;
			files = (
			);
			runOnlyForDeploymentPostprocessing = 0;
		};
		CF9601AC23DA2A1E00916EF1 /* Resources */ = {
			isa = PBXResourcesBuildPhase;
			buildActionMask = 2147483647;
			files = (
				CFD3A6D723DA41FE00EB6D4D /* Localizable-pt-BR.strings in Resources */,
				CFD3A6DC23DA462000EB6D4D /* Launch Screen.storyboard in Resources */,
				CFD3A6BB23DA308A00EB6D4D /* Assets.xcassets in Resources */,
			);
			runOnlyForDeploymentPostprocessing = 0;
		};
/* End PBXResourcesBuildPhase section */

/* Begin PBXShellScriptBuildPhase section */
		CFD3A6BF23DA3DC600EB6D4D /* Swiftlint */ = {
			isa = PBXShellScriptBuildPhase;
			buildActionMask = 2147483647;
			files = (
			);
			inputFileListPaths = (
			);
			inputPaths = (
			);
			name = Swiftlint;
			outputFileListPaths = (
			);
			outputPaths = (
			);
			runOnlyForDeploymentPostprocessing = 0;
			shellPath = /bin/sh;
			shellScript = "if [[ \"$(uname -m)\" == arm64 ]]; then\n    export PATH=\"/opt/homebrew/bin:$PATH\"\nfi\n\nif which swiftlint > /dev/null; then\n  swiftlint\nelse\n  echo \"warning: SwiftLint not installed, download from https://github.com/realm/SwiftLint\"\nfi\n";
		};
/* End PBXShellScriptBuildPhase section */

/* Begin PBXSourcesBuildPhase section */
		CF6414DB23E4C1CF009C7A9E /* Sources */ = {
			isa = PBXSourcesBuildPhase;
			buildActionMask = 2147483647;
			files = (
				CF93BD1C2A3F72300060C410 /* CardVisible.swift in Sources */,
				CF93BD262A3F72370060C410 /* LayoutCardView.swift in Sources */,
				CF93BD242A3F72330060C410 /* NetworkConactable.swift in Sources */,
				CFBED2C62A3E924200CAA054 /* TableViewAutomaticPaginate.swift in Sources */,
				CF93BD1D2A3F72300060C410 /* Visible.swift in Sources */,
				CF93BD252A3F72330060C410 /* NetworkError.swift in Sources */,
				CF93BD2F2A3F72630060C410 /* HtmlAttributedString.swift in Sources */,
				CFBED2BE2A3E923C00CAA054 /* ListItemViewModel.swift in Sources */,
				CF93BD3C2A3FCDD60060C410 /* KeychainAccess.swift in Sources */,
				CF93BD1F2A3F72300060C410 /* TableViewUpdateEvent.swift in Sources */,
				CF93BD2D2A3F72470060C410 /* CardSelectable.swift in Sources */,
				CFBED2B72A3E923900CAA054 /* DetailItemInteractor.swift in Sources */,
				CFBED2BB2A3E923900CAA054 /* DetailItemView.swift in Sources */,
				CFBED2C22A3E923C00CAA054 /* ListItemPresenter.swift in Sources */,
				CF93BD232A3F72300060C410 /* ListItemModelVisible.swift in Sources */,
				CFBED2BF2A3E923C00CAA054 /* ListItemInteractor.swift in Sources */,
				CF93BD282A3F72370060C410 /* MetadataItem.swift in Sources */,
				CF93BD2E2A3F725C0060C410 /* ClassIdentifier.swift in Sources */,
				CFBED2C32A3E923F00CAA054 /* CardListItemView.swift in Sources */,
				CF93BD272A3F72370060C410 /* ResponseListItem.swift in Sources */,
				CFBB297C2A3CC15F00DA0561 /* LocalizedText.swift in Sources */,
				CF93BD302A3F72650060C410 /* Constraints.swift in Sources */,
				CFBED2C02A3E923C00CAA054 /* ListItemController.swift in Sources */,
				CFBED3022A3ED3C700CAA054 /* KeysAcessor.swift in Sources */,
				CF93BD3B2A3FCDD60060C410 /* SecurityApi.swift in Sources */,
				CFBED2BD2A3E923C00CAA054 /* ListItemRouter.swift in Sources */,
				CF93BD1B2A3F72300060C410 /* GenericCell.swift in Sources */,
				CF6414EA23E4C210009C7A9E /* TemplateTests.swift in Sources */,
				CFBED2C52A3E924200CAA054 /* NavigationController.swift in Sources */,
				CF93BD292A3F72370060C410 /* Item.swift in Sources */,
				CF93BD202A3F72300060C410 /* Model.swift in Sources */,
				CFBED2BC2A3E923900CAA054 /* DetailItemController.swift in Sources */,
				CF93BD2B2A3F72470060C410 /* MosaicBaseView.swift in Sources */,
				CFBED2BA2A3E923900CAA054 /* DetailItemRouter.swift in Sources */,
				CF93BD1E2A3F72300060C410 /* KeyAdvisor.swift in Sources */,
				CF93BD2C2A3F72470060C410 /* GenericTableViewCell.swift in Sources */,
				CF93BD212A3F72300060C410 /* NetworkWorker.swift in Sources */,
				CFBED2C42A3E923F00CAA054 /* CardDetailItemView.swift in Sources */,
				CFBED2B92A3E923900CAA054 /* DetailItemViewModel.swift in Sources */,
				CFBED2B82A3E923900CAA054 /* DetailItemPresenter.swift in Sources */,
				CF93BD2A2A3F72370060C410 /* Metadata.swift in Sources */,
				CF93BD222A3F72300060C410 /* Selectable.swift in Sources */,
			);
			runOnlyForDeploymentPostprocessing = 0;
		};
		CF9601AA23DA2A1E00916EF1 /* Sources */ = {
			isa = PBXSourcesBuildPhase;
			buildActionMask = 2147483647;
			files = (
				CF93BD3A2A3FCDD20060C410 /* KeychainAccess.swift in Sources */,
				CFBED2952A3E90D900CAA054 /* ListItemRouter.swift in Sources */,
				CFBED2FD2A3ECB5F00CAA054 /* ResponseListItem.swift in Sources */,
				CFBED2D72A3EB7C000CAA054 /* NetworkConactable.swift in Sources */,
				CFBED2F22A3EBD7300CAA054 /* GenericCell.swift in Sources */,
				CFBED2B32A3E923400CAA054 /* DetailItemPresenter.swift in Sources */,
				CF93BD382A3FBE4E0060C410 /* WorkerURLPathBuilder.swift in Sources */,
				CFBED2E12A3EBBA100CAA054 /* CardFactory.swift in Sources */,
				CFBED2B62A3E923400CAA054 /* DetailItemViewModel.swift in Sources */,
				CF93BD362A3FBE370060C410 /* UrlPathBuilder.swift in Sources */,
				CFBED2912A3E90BC00CAA054 /* ListItemPresenter.swift in Sources */,
				CFBED2CC2A3EACFD00CAA054 /* KeyAdvisor.swift in Sources */,
				CFBED2A22A3E91CE00CAA054 /* CardListItemView.swift in Sources */,
				CFBED2B52A3E923400CAA054 /* DetailItemView.swift in Sources */,
				CFBED2DC2A3EB93B00CAA054 /* NetworkError.swift in Sources */,
				CFBED2FB2A3EC9ED00CAA054 /* ListItemModelVisible.swift in Sources */,
				CF93BD332A3F76E90060C410 /* SecurityApi.swift in Sources */,
				CF93BD3E2A3FF7830060C410 /* Empty.swift in Sources */,
				CFBED2F72A3EC1C000CAA054 /* LayoutCardView.swift in Sources */,
				CFBB29812A3D308800DA0561 /* Item.swift in Sources */,
				CFBED2F52A3EBE4200CAA054 /* MosaicBaseView.swift in Sources */,
				CFBED29E2A3E91B400CAA054 /* TableViewAutomaticPaginate.swift in Sources */,
				CFD3A6B723DA308A00EB6D4D /* AppDelegate.swift in Sources */,
				CFBB29832A3D30AE00DA0561 /* Metadata.swift in Sources */,
				CFBED2A62A3E91ED00CAA054 /* Model.swift in Sources */,
				CFBED2A82A3E91FD00CAA054 /* Selectable.swift in Sources */,
				CFBED2A02A3E91C000CAA054 /* NavigationController.swift in Sources */,
				CFBED2CF2A3EAFA200CAA054 /* ListItemSceneFactory.swift in Sources */,
				CFD3A6DA23DA443200EB6D4D /* LocalizedText.swift in Sources */,
				CFBED2E72A3EBC6B00CAA054 /* Constraints.swift in Sources */,
				CFBED2F02A3EBCF800CAA054 /* GenericTableViewCell.swift in Sources */,
				CFBED2DE2A3EBB6C00CAA054 /* TableViewUpdateEvent.swift in Sources */,
				CFBED2DA2A3EB90A00CAA054 /* NetworkWorker.swift in Sources */,
				CFBED2EA2A3EBC9900CAA054 /* HtmlAttributedString.swift in Sources */,
				CFBB29852A3D30CA00DA0561 /* MetadataItem.swift in Sources */,
				CFBED2862A3E1A2900CAA054 /* KeysAcessor.swift in Sources */,
				CFBED2D12A3EB0AA00CAA054 /* ListItemRequestParamsModel.swift in Sources */,
				CFBED2AA2A3E920800CAA054 /* Visible.swift in Sources */,
				CFBED2972A3E90F500CAA054 /* ListItemViewModel.swift in Sources */,
				CFBED2932A3E90C800CAA054 /* ListItemInteractor.swift in Sources */,
				CFBED2D52A3EB17800CAA054 /* SceneStarter.swift in Sources */,
				CFBED28D2A3E90A800CAA054 /* ListItemController.swift in Sources */,
				CFBED2B42A3E923400CAA054 /* DetailItemController.swift in Sources */,
				CFBED2F92A3EC5B700CAA054 /* CardSelectable.swift in Sources */,
				CFBED2B22A3E923400CAA054 /* DetailItemRouter.swift in Sources */,
				CFBED2E32A3EBC1A00CAA054 /* CardVisible.swift in Sources */,
				CFBED2A42A3E91D800CAA054 /* CardDetailItemView.swift in Sources */,
				CF886B992A40FE080027EEFA /* ColorAssets.swift in Sources */,
				CFBED2ED2A3EBCC700CAA054 /* ClassIdentifier.swift in Sources */,
				CFBED2B12A3E923400CAA054 /* DetailItemInteractor.swift in Sources */,
			);
			runOnlyForDeploymentPostprocessing = 0;
		};
/* End PBXSourcesBuildPhase section */

/* Begin PBXTargetDependency section */
		CF6414E523E4C1CF009C7A9E /* PBXTargetDependency */ = {
			isa = PBXTargetDependency;
			target = CF9601AD23DA2A1E00916EF1 /* HeartOfStoneViewerTarget */;
			targetProxy = CF6414E423E4C1CF009C7A9E /* PBXContainerItemProxy */;
		};
/* End PBXTargetDependency section */

/* Begin PBXVariantGroup section */
		CFD3A6CF23DA3F9700EB6D4D /* Localizable-pt-BR.strings */ = {
			isa = PBXVariantGroup;
			children = (
				CFD3A6CE23DA3F9700EB6D4D /* pt-BR */,
			);
			name = "Localizable-pt-BR.strings";
			sourceTree = "<group>";
		};
/* End PBXVariantGroup section */

/* Begin XCBuildConfiguration section */
		CF6414E723E4C1CF009C7A9E /* Debug */ = {
			isa = XCBuildConfiguration;
			buildSettings = {
				CODE_SIGN_STYLE = Automatic;
				INFOPLIST_FILE = "$(SRCROOT)/source/test/BaseProjectTarget-Info.plist";
				IPHONEOS_DEPLOYMENT_TARGET = 13.6;
				LD_RUNPATH_SEARCH_PATHS = (
					"$(inherited)",
					"@executable_path/Frameworks",
					"@loader_path/Frameworks",
				);
				PRODUCT_BUNDLE_IDENTIFIER = com.outlook.tiago.BaseProjectTargetTests;
				PRODUCT_NAME = "$(TARGET_NAME)";
				SUPPORTED_PLATFORMS = "iphoneos iphonesimulator";
				SUPPORTS_MACCATALYST = NO;
				SUPPORTS_MAC_DESIGNED_FOR_IPHONE_IPAD = NO;
				SWIFT_VERSION = 5.0;
				TARGETED_DEVICE_FAMILY = 1;
			};
			name = Debug;
		};
		CF6414E823E4C1CF009C7A9E /* Release */ = {
			isa = XCBuildConfiguration;
			buildSettings = {
				CODE_SIGN_STYLE = Automatic;
				INFOPLIST_FILE = "$(SRCROOT)/source/test/BaseProjectTarget-Info.plist";
				IPHONEOS_DEPLOYMENT_TARGET = 13.6;
				LD_RUNPATH_SEARCH_PATHS = (
					"$(inherited)",
					"@executable_path/Frameworks",
					"@loader_path/Frameworks",
				);
				PRODUCT_BUNDLE_IDENTIFIER = com.outlook.tiago.BaseProjectTargetTests;
				PRODUCT_NAME = "$(TARGET_NAME)";
				SUPPORTED_PLATFORMS = "iphoneos iphonesimulator";
				SUPPORTS_MACCATALYST = NO;
				SUPPORTS_MAC_DESIGNED_FOR_IPHONE_IPAD = NO;
				SWIFT_VERSION = 5.0;
				TARGETED_DEVICE_FAMILY = 1;
			};
			name = Release;
		};
		CF9601C023DA2A2200916EF1 /* Debug */ = {
			isa = XCBuildConfiguration;
			buildSettings = {
				ALWAYS_SEARCH_USER_PATHS = NO;
				CLANG_ANALYZER_LOCALIZABILITY_NONLOCALIZED = YES;
				CLANG_ANALYZER_NONNULL = YES;
				CLANG_ANALYZER_NUMBER_OBJECT_CONVERSION = YES_AGGRESSIVE;
				CLANG_CXX_LANGUAGE_STANDARD = "gnu++14";
				CLANG_CXX_LIBRARY = "libc++";
				CLANG_ENABLE_MODULES = YES;
				CLANG_ENABLE_OBJC_ARC = YES;
				CLANG_ENABLE_OBJC_WEAK = YES;
				CLANG_WARN_BLOCK_CAPTURE_AUTORELEASING = YES;
				CLANG_WARN_BOOL_CONVERSION = YES;
				CLANG_WARN_COMMA = YES;
				CLANG_WARN_CONSTANT_CONVERSION = YES;
				CLANG_WARN_DEPRECATED_OBJC_IMPLEMENTATIONS = YES;
				CLANG_WARN_DIRECT_OBJC_ISA_USAGE = YES_ERROR;
				CLANG_WARN_DOCUMENTATION_COMMENTS = YES;
				CLANG_WARN_EMPTY_BODY = YES;
				CLANG_WARN_ENUM_CONVERSION = YES;
				CLANG_WARN_INFINITE_RECURSION = YES;
				CLANG_WARN_INT_CONVERSION = YES;
				CLANG_WARN_NON_LITERAL_NULL_CONVERSION = YES;
				CLANG_WARN_OBJC_IMPLICIT_RETAIN_SELF = YES;
				CLANG_WARN_OBJC_LITERAL_CONVERSION = YES;
				CLANG_WARN_OBJC_ROOT_CLASS = YES_ERROR;
				CLANG_WARN_RANGE_LOOP_ANALYSIS = YES;
				CLANG_WARN_STRICT_PROTOTYPES = YES;
				CLANG_WARN_SUSPICIOUS_MOVE = YES;
				CLANG_WARN_UNGUARDED_AVAILABILITY = YES_AGGRESSIVE;
				CLANG_WARN_UNREACHABLE_CODE = YES;
				CLANG_WARN__DUPLICATE_METHOD_MATCH = YES;
				COPY_PHASE_STRIP = NO;
				DEBUG_INFORMATION_FORMAT = dwarf;
				ENABLE_STRICT_OBJC_MSGSEND = YES;
				ENABLE_TESTABILITY = YES;
				GCC_C_LANGUAGE_STANDARD = gnu11;
				GCC_DYNAMIC_NO_PIC = NO;
				GCC_NO_COMMON_BLOCKS = YES;
				GCC_OPTIMIZATION_LEVEL = 0;
				GCC_PREPROCESSOR_DEFINITIONS = (
					"DEBUG=1",
					"$(inherited)",
				);
				GCC_WARN_64_TO_32_BIT_CONVERSION = YES;
				GCC_WARN_ABOUT_RETURN_TYPE = YES_ERROR;
				GCC_WARN_UNDECLARED_SELECTOR = YES;
				GCC_WARN_UNINITIALIZED_AUTOS = YES_AGGRESSIVE;
				GCC_WARN_UNUSED_FUNCTION = YES;
				GCC_WARN_UNUSED_VARIABLE = YES;
				IPHONEOS_DEPLOYMENT_TARGET = 13.6;
				MTL_ENABLE_DEBUG_INFO = INCLUDE_SOURCE;
				MTL_FAST_MATH = YES;
				ONLY_ACTIVE_ARCH = YES;
				SDKROOT = iphoneos;
				SWIFT_ACTIVE_COMPILATION_CONDITIONS = DEBUG;
				SWIFT_OPTIMIZATION_LEVEL = "-Onone";
			};
			name = Debug;
		};
		CF9601C123DA2A2200916EF1 /* Release */ = {
			isa = XCBuildConfiguration;
			buildSettings = {
				ALWAYS_SEARCH_USER_PATHS = NO;
				CLANG_ANALYZER_LOCALIZABILITY_NONLOCALIZED = YES;
				CLANG_ANALYZER_NONNULL = YES;
				CLANG_ANALYZER_NUMBER_OBJECT_CONVERSION = YES_AGGRESSIVE;
				CLANG_CXX_LANGUAGE_STANDARD = "gnu++14";
				CLANG_CXX_LIBRARY = "libc++";
				CLANG_ENABLE_MODULES = YES;
				CLANG_ENABLE_OBJC_ARC = YES;
				CLANG_ENABLE_OBJC_WEAK = YES;
				CLANG_WARN_BLOCK_CAPTURE_AUTORELEASING = YES;
				CLANG_WARN_BOOL_CONVERSION = YES;
				CLANG_WARN_COMMA = YES;
				CLANG_WARN_CONSTANT_CONVERSION = YES;
				CLANG_WARN_DEPRECATED_OBJC_IMPLEMENTATIONS = YES;
				CLANG_WARN_DIRECT_OBJC_ISA_USAGE = YES_ERROR;
				CLANG_WARN_DOCUMENTATION_COMMENTS = YES;
				CLANG_WARN_EMPTY_BODY = YES;
				CLANG_WARN_ENUM_CONVERSION = YES;
				CLANG_WARN_INFINITE_RECURSION = YES;
				CLANG_WARN_INT_CONVERSION = YES;
				CLANG_WARN_NON_LITERAL_NULL_CONVERSION = YES;
				CLANG_WARN_OBJC_IMPLICIT_RETAIN_SELF = YES;
				CLANG_WARN_OBJC_LITERAL_CONVERSION = YES;
				CLANG_WARN_OBJC_ROOT_CLASS = YES_ERROR;
				CLANG_WARN_RANGE_LOOP_ANALYSIS = YES;
				CLANG_WARN_STRICT_PROTOTYPES = YES;
				CLANG_WARN_SUSPICIOUS_MOVE = YES;
				CLANG_WARN_UNGUARDED_AVAILABILITY = YES_AGGRESSIVE;
				CLANG_WARN_UNREACHABLE_CODE = YES;
				CLANG_WARN__DUPLICATE_METHOD_MATCH = YES;
				COPY_PHASE_STRIP = NO;
				DEBUG_INFORMATION_FORMAT = "dwarf-with-dsym";
				ENABLE_NS_ASSERTIONS = NO;
				ENABLE_STRICT_OBJC_MSGSEND = YES;
				GCC_C_LANGUAGE_STANDARD = gnu11;
				GCC_NO_COMMON_BLOCKS = YES;
				GCC_WARN_64_TO_32_BIT_CONVERSION = YES;
				GCC_WARN_ABOUT_RETURN_TYPE = YES_ERROR;
				GCC_WARN_UNDECLARED_SELECTOR = YES;
				GCC_WARN_UNINITIALIZED_AUTOS = YES_AGGRESSIVE;
				GCC_WARN_UNUSED_FUNCTION = YES;
				GCC_WARN_UNUSED_VARIABLE = YES;
				IPHONEOS_DEPLOYMENT_TARGET = 13.6;
				MTL_ENABLE_DEBUG_INFO = NO;
				MTL_FAST_MATH = YES;
				SDKROOT = iphoneos;
				SWIFT_COMPILATION_MODE = wholemodule;
				SWIFT_OPTIMIZATION_LEVEL = "-O";
				VALIDATE_PRODUCT = YES;
			};
			name = Release;
		};
		CF9601C323DA2A2200916EF1 /* Debug */ = {
			isa = XCBuildConfiguration;
			buildSettings = {
				ARCHS = "$(ARCHS_STANDARD)";
				ASSETCATALOG_COMPILER_APPICON_NAME = AppIcon;
				CODE_SIGN_STYLE = Automatic;
				INFOPLIST_FILE = "$(SRCROOT)/source/app/supportfiles/plists/Info.plist";
				IPHONEOS_DEPLOYMENT_TARGET = 13.6;
				LD_RUNPATH_SEARCH_PATHS = (
					"$(inherited)",
					"@executable_path/Frameworks",
				);
				PRODUCT_BUNDLE_IDENTIFIER = com.outlook.tiago.hearthstonecardviewer;
				PRODUCT_NAME = "$(TARGET_NAME)";
				SUPPORTED_PLATFORMS = "iphoneos iphonesimulator";
				SUPPORTS_MACCATALYST = NO;
				SUPPORTS_MAC_DESIGNED_FOR_IPHONE_IPAD = NO;
				SWIFT_VERSION = 5.0;
				TARGETED_DEVICE_FAMILY = 1;
			};
			name = Debug;
		};
		CF9601C423DA2A2200916EF1 /* Release */ = {
			isa = XCBuildConfiguration;
			buildSettings = {
				ARCHS = "$(ARCHS_STANDARD)";
				ASSETCATALOG_COMPILER_APPICON_NAME = AppIcon;
				CODE_SIGN_STYLE = Automatic;
				INFOPLIST_FILE = "$(SRCROOT)/source/app/supportfiles/plists/Info.plist";
				IPHONEOS_DEPLOYMENT_TARGET = 13.6;
				LD_RUNPATH_SEARCH_PATHS = (
					"$(inherited)",
					"@executable_path/Frameworks",
				);
				PRODUCT_BUNDLE_IDENTIFIER = com.outlook.tiago.hearthstonecardviewer;
				PRODUCT_NAME = "$(TARGET_NAME)";
				SUPPORTED_PLATFORMS = "iphoneos iphonesimulator";
				SUPPORTS_MACCATALYST = NO;
				SUPPORTS_MAC_DESIGNED_FOR_IPHONE_IPAD = NO;
				SWIFT_VERSION = 5.0;
				TARGETED_DEVICE_FAMILY = 1;
			};
			name = Release;
		};
/* End XCBuildConfiguration section */

/* Begin XCConfigurationList section */
		CF6414E623E4C1CF009C7A9E /* Build configuration list for PBXNativeTarget "HeartOfStoneViewerTests" */ = {
			isa = XCConfigurationList;
			buildConfigurations = (
				CF6414E723E4C1CF009C7A9E /* Debug */,
				CF6414E823E4C1CF009C7A9E /* Release */,
			);
			defaultConfigurationIsVisible = 0;
			defaultConfigurationName = Release;
		};
		CF9601A923DA2A1E00916EF1 /* Build configuration list for PBXProject "hearthstonecardviewer" */ = {
			isa = XCConfigurationList;
			buildConfigurations = (
				CF9601C023DA2A2200916EF1 /* Debug */,
				CF9601C123DA2A2200916EF1 /* Release */,
			);
			defaultConfigurationIsVisible = 0;
			defaultConfigurationName = Release;
		};
		CF9601C223DA2A2200916EF1 /* Build configuration list for PBXNativeTarget "HeartOfStoneViewerTarget" */ = {
			isa = XCConfigurationList;
			buildConfigurations = (
				CF9601C323DA2A2200916EF1 /* Debug */,
				CF9601C423DA2A2200916EF1 /* Release */,
			);
			defaultConfigurationIsVisible = 0;
			defaultConfigurationName = Release;
		};
/* End XCConfigurationList section */

/* Begin XCRemoteSwiftPackageReference section */
		CF93BD072A3F6E9E0060C410 /* XCRemoteSwiftPackageReference "swift-snapshot-testing" */ = {
			isa = XCRemoteSwiftPackageReference;
			repositoryURL = "https://github.com/pointfreeco/swift-snapshot-testing";
			requirement = {
				kind = exactVersion;
				version = 1.0.0;
			};
		};
		CF93BD0A2A3F71E80060C410 /* XCRemoteSwiftPackageReference "Kingfisher" */ = {
			isa = XCRemoteSwiftPackageReference;
			repositoryURL = "https://github.com/onevcat/Kingfisher.git";
			requirement = {
				kind = exactVersion;
				version = 7.6.2;
			};
		};
		CF93BD0D2A3F720A0060C410 /* XCRemoteSwiftPackageReference "Alamofire" */ = {
			isa = XCRemoteSwiftPackageReference;
			repositoryURL = "https://github.com/Alamofire/Alamofire.git";
			requirement = {
				kind = exactVersion;
				version = 5.7.1;
			};
		};
/* End XCRemoteSwiftPackageReference section */

/* Begin XCSwiftPackageProductDependency section */
		CF93BD082A3F6E9E0060C410 /* SnapshotTesting */ = {
			isa = XCSwiftPackageProductDependency;
			package = CF93BD072A3F6E9E0060C410 /* XCRemoteSwiftPackageReference "swift-snapshot-testing" */;
			productName = SnapshotTesting;
		};
		CF93BD0B2A3F71E80060C410 /* Kingfisher */ = {
			isa = XCSwiftPackageProductDependency;
			package = CF93BD0A2A3F71E80060C410 /* XCRemoteSwiftPackageReference "Kingfisher" */;
			productName = Kingfisher;
		};
		CF93BD0E2A3F720A0060C410 /* Alamofire */ = {
			isa = XCSwiftPackageProductDependency;
			package = CF93BD0D2A3F720A0060C410 /* XCRemoteSwiftPackageReference "Alamofire" */;
			productName = Alamofire;
		};
		CF93BD112A3F72240060C410 /* Kingfisher */ = {
			isa = XCSwiftPackageProductDependency;
			package = CF93BD0A2A3F71E80060C410 /* XCRemoteSwiftPackageReference "Kingfisher" */;
			productName = Kingfisher;
		};
		CF93BD132A3F72240060C410 /* Alamofire */ = {
			isa = XCSwiftPackageProductDependency;
			package = CF93BD0D2A3F720A0060C410 /* XCRemoteSwiftPackageReference "Alamofire" */;
			productName = Alamofire;
		};
/* End XCSwiftPackageProductDependency section */
	};
	rootObject = CF9601A623DA2A1E00916EF1 /* Project object */;
}
